{
  "object": {
    "pins": [
      {
        "package": "WireGuardKit",
        "repositoryURL": "https://git.zx2c4.com/wireguard-apple",
        "state": {
          "branch": "am/swiftpm",
          "revision": "9cbd0aa4f90ad80bcb0e527bf046090493735ddd",
          "version": null
        }
      }
    ]
  },
  "version": 1
}
